
Microsoft Visual Studio Solution File, Format Version 12.00
# Visual Studio Version 17
VisualStudioVersion = 17.2.32616.157
MinimumVisualStudioVersion = 10.0.40219.1
Project("{FAE04EC0-301F-11D3-BF4B-00C04F79EFBC}") = "SQL_Exercise", "SQL_Exercise\SQL_Exercise.csproj", "{39374D13-C7E7-4FCA-A670-808FE044E5E4}"
EndProject
Global
	GlobalSection(SolutionConfigurationPlatforms) = preSolution
		Debug|Any CPU = Debug|Any CPU
		Release|Any CPU = Release|Any CPU
	EndGlobalSection
	GlobalSection(ProjectConfigurationPlatforms) = postSolution
		{39374D13-C7E7-4FCA-A670-808FE044E5E4}.Debug|Any CPU.ActiveCfg = Debug|Any CPU
		{39374D13-C7E7-4FCA-A670-808FE044E5E4}.Debug|Any CPU.Build.0 = Debug|Any CPU
		{39374D13-C7E7-4FCA-A670-808FE044E5E4}.Release|Any CPU.ActiveCfg = Release|Any CPU
		{39374D13-C7E7-4FCA-A670-808FE044E5E4}.Release|Any CPU.Build.0 = Release|Any CPU
	EndGlobalSection
	GlobalSection(SolutionProperties) = preSolution
		HideSolutionNode = FALSE
	EndGlobalSection
	GlobalSection(ExtensibilityGlobals) = postSolution
		SolutionGuid = {4420B2D9-BAA1-4A30-806D-28909D661D0F}
	EndGlobalSection
EndGlobal
